
Microsoft Visual Studio Solution File, Format Version 12.00
# Visual Studio Version 17
VisualStudioVersion = 17.4.33110.190
MinimumVisualStudioVersion = 10.0.40219.1
Project("{9A19103F-16F7-4668-BE54-9A1E7A4F7556}") = "Core", "Core.csproj", "{87869505-1899-444F-BECB-5F9239EF273D}"
EndProject
Project("{9A19103F-16F7-4668-BE54-9A1E7A4F7556}") = "Services", "..\Services\Services.csproj", "{CE925E75-E4C6-4B89-955B-405C59EDF55C}"
EndProject
Project("{9A19103F-16F7-4668-BE54-9A1E7A4F7556}") = "Tests", "..\Tests\Tests.csproj", "{97DDEC68-F2DA-4B7B-9F4B-815746E50B73}"
EndProject
Project("{9A19103F-16F7-4668-BE54-9A1E7A4F7556}") = "Data", "..\Data\Data.csproj", "{9528D842-E4EA-4F42-9751-5029B2EBB8D5}"
EndProject
Global
	GlobalSection(SolutionConfigurationPlatforms) = preSolution
		Debug|Any CPU = Debug|Any CPU
		Release|Any CPU = Release|Any CPU
	EndGlobalSection
	GlobalSection(ProjectConfigurationPlatforms) = postSolution
		{87869505-1899-444F-BECB-5F9239EF273D}.Debug|Any CPU.ActiveCfg = Debug|Any CPU
		{87869505-1899-444F-BECB-5F9239EF273D}.Debug|Any CPU.Build.0 = Debug|Any CPU
		{87869505-1899-444F-BECB-5F9239EF273D}.Release|Any CPU.ActiveCfg = Release|Any CPU
		{87869505-1899-444F-BECB-5F9239EF273D}.Release|Any CPU.Build.0 = Release|Any CPU
		{CE925E75-E4C6-4B89-955B-405C59EDF55C}.Debug|Any CPU.ActiveCfg = Debug|Any CPU
		{CE925E75-E4C6-4B89-955B-405C59EDF55C}.Debug|Any CPU.Build.0 = Debug|Any CPU
		{CE925E75-E4C6-4B89-955B-405C59EDF55C}.Release|Any CPU.ActiveCfg = Release|Any CPU
		{CE925E75-E4C6-4B89-955B-405C59EDF55C}.Release|Any CPU.Build.0 = Release|Any CPU
		{97DDEC68-F2DA-4B7B-9F4B-815746E50B73}.Debug|Any CPU.ActiveCfg = Debug|Any CPU
		{97DDEC68-F2DA-4B7B-9F4B-815746E50B73}.Debug|Any CPU.Build.0 = Debug|Any CPU
		{97DDEC68-F2DA-4B7B-9F4B-815746E50B73}.Release|Any CPU.ActiveCfg = Release|Any CPU
		{97DDEC68-F2DA-4B7B-9F4B-815746E50B73}.Release|Any CPU.Build.0 = Release|Any CPU
		{9528D842-E4EA-4F42-9751-5029B2EBB8D5}.Debug|Any CPU.ActiveCfg = Debug|Any CPU
		{9528D842-E4EA-4F42-9751-5029B2EBB8D5}.Debug|Any CPU.Build.0 = Debug|Any CPU
		{9528D842-E4EA-4F42-9751-5029B2EBB8D5}.Release|Any CPU.ActiveCfg = Release|Any CPU
		{9528D842-E4EA-4F42-9751-5029B2EBB8D5}.Release|Any CPU.Build.0 = Release|Any CPU
	EndGlobalSection
	GlobalSection(SolutionProperties) = preSolution
		HideSolutionNode = FALSE
	EndGlobalSection
	GlobalSection(ExtensibilityGlobals) = postSolution
		SolutionGuid = {4E74719D-4E73-4EF6-8DE1-8CC09D887F66}
	EndGlobalSection
EndGlobal
